
Microsoft Visual Studio Solution File, Format Version 12.00
# Visual Studio 15
VisualStudioVersion = 15.0.27703.2035
MinimumVisualStudioVersion = 10.0.40219.1
Project("{FAE04EC0-301F-11D3-BF4B-00C04F79EFBC}") = "SkiJumpAggregator", "SkiJumpAggregator\SkiJumpAggregator.csproj", "{228143F3-8B99-452A-9363-0D37FAE2944C}"
EndProject
Global
	GlobalSection(SolutionConfigurationPlatforms) = preSolution
		Debug|Any CPU = Debug|Any CPU
		Release|Any CPU = Release|Any CPU
	EndGlobalSection
	GlobalSection(ProjectConfigurationPlatforms) = postSolution
		{228143F3-8B99-452A-9363-0D37FAE2944C}.Debug|Any CPU.ActiveCfg = Debug|Any CPU
		{228143F3-8B99-452A-9363-0D37FAE2944C}.Debug|Any CPU.Build.0 = Debug|Any CPU
		{228143F3-8B99-452A-9363-0D37FAE2944C}.Release|Any CPU.ActiveCfg = Release|Any CPU
		{228143F3-8B99-452A-9363-0D37FAE2944C}.Release|Any CPU.Build.0 = Release|Any CPU
	EndGlobalSection
	GlobalSection(SolutionProperties) = preSolution
		HideSolutionNode = FALSE
	EndGlobalSection
	GlobalSection(ExtensibilityGlobals) = postSolution
		SolutionGuid = {A4E08155-64D5-4A63-BD51-84B17B9A51FB}
	EndGlobalSection
EndGlobal
